// !$*UTF8*$!
{
	archiveVersion = 1;
	classes = {
	};
	objectVersion = 46;
	objects = {

/* Begin PBXBuildFile section */
		3DF6FCDD1F0F19710037268A /* RCTClearCacheModule.m in Sources */ = {isa = PBXBuildFile; fileRef = 3DF6FCDC1F0F19710037268A /* RCTClearCacheModule.m */; };
		3DF6FCDE1F0F19710037268A /* RCTClearCacheModule.h in CopyFiles */ = {isa = PBXBuildFile; fileRef = 3DF6FCDB1F0F19710037268A /* RCTClearCacheModule.h */; };
/* End PBXBuildFile section */

/* Begin PBXCopyFilesBuildPhase section */
		3DF6FCD61F0F19710037268A /* CopyFiles */ = {
			isa = PBXCopyFilesBuildPhase;
			buildActionMask = 2147483647;
			dstPath = "include/$(PRODUCT_NAME)";
			dstSubfolderSpec = 16;
			files = (
				3DF6FCDE1F0F19710037268A /* RCTClearCacheModule.h in CopyFiles */,
			);
			runOnlyForDeploymentPostprocessing = 0;
		};
/* End PBXCopyFilesBuildPhase section */

/* Begin PBXFileReference section */
		3DF6FCD81F0F19710037268A /* libRCTClearCacheModule.a */ = {isa = PBXFileReference; explicitFileType = archive.ar; includeInIndex = 0; path = libRCTClearCacheModule.a; sourceTree = BUILT_PRODUCTS_DIR; };
		3DF6FCDB1F0F19710037268A /* RCTClearCacheModule.h */ = {isa = PBXFileReference; lastKnownFileType = sourcecode.c.h; path = RCTClearCacheModule.h; sourceTree = "<group>"; };
		3DF6FCDC1F0F19710037268A /* RCTClearCacheModule.m */ = {isa = PBXFileReference; lastKnownFileType = sourcecode.c.objc; path = RCTClearCacheModule.m; sourceTree = "<group>"; };
/* End PBXFileReference section */

/* Begin PBXFrameworksBuildPhase section */
		3DF6FCD51F0F19710037268A /* Frameworks */ = {
			isa = PBXFrameworksBuildPhase;
			buildActionMask = 2147483647;
			files = (
			);
			runOnlyForDeploymentPostprocessing = 0;
		};
/* End PBXFrameworksBuildPhase section */

/* Begin PBXGroup section */
		3DF6FCCF1F0F19710037268A = {
			isa = PBXGroup;
			children = (
				3DF6FCDA1F0F19710037268A /* RCTClearCacheModule */,
				3DF6FCD91F0F19710037268A /* Products */,
			);
			sourceTree = "<group>";
		};
		3DF6FCD91F0F19710037268A /* Products */ = {
			isa = PBXGroup;
			children = (
				3DF6FCD81F0F19710037268A /* libRCTClearCacheModule.a */,
			);
			name = Products;
			sourceTree = "<group>";
		};
		3DF6FCDA1F0F19710037268A /* RCTClearCacheModule */ = {
			isa = PBXGroup;
			children = (
				3DF6FCDB1F0F19710037268A /* RCTClearCacheModule.h */,
				3DF6FCDC1F0F19710037268A /* RCTClearCacheModule.m */,
			);
			path = RCTClearCacheModule;
			sourceTree = "<group>";
		};
/* End PBXGroup section */

/* Begin PBXNativeTarget section */
		3DF6FCD71F0F19710037268A /* RCTClearCacheModule */ = {
			isa = PBXNativeTarget;
			buildConfigurationList = 3DF6FCE11F0F19710037268A /* Build configuration list for PBXNativeTarget "RCTClearCacheModule" */;
			buildPhases = (
				3DF6FCD41F0F19710037268A /* Sources */,
				3DF6FCD51F0F19710037268A /* Frameworks */,
				3DF6FCD61F0F19710037268A /* CopyFiles */,
			);
			buildRules = (
			);
			dependencies = (
			);
			name = RCTClearCacheModule;
			productName = RCTClearCacheModule;
			productReference = 3DF6FCD81F0F19710037268A /* libRCTClearCacheModule.a */;
			productType = "com.apple.product-type.library.static";
		};
/* End PBXNativeTarget section */

/* Begin PBXProject section */
		3DF6FCD01F0F19710037268A /* Project object */ = {
			isa = PBXProject;
			attributes = {
				LastUpgradeCheck = 0830;
				ORGANIZATIONNAME = "郄佩佩";
				TargetAttributes = {
					3DF6FCD71F0F19710037268A = {
						CreatedOnToolsVersion = 8.3.2;
						DevelopmentTeam = 66ARKR62NK;
						ProvisioningStyle = Automatic;
					};
				};
			};
			buildConfigurationList = 3DF6FCD31F0F19710037268A /* Build configuration list for PBXProject "RCTClearCacheModule" */;
			compatibilityVersion = "Xcode 3.2";
			developmentRegion = English;
			hasScannedForEncodings = 0;
			knownRegions = (
				en,
			);
			mainGroup = 3DF6FCCF1F0F19710037268A;
			productRefGroup = 3DF6FCD91F0F19710037268A /* Products */;
			projectDirPath = "";
			projectRoot = "";
			targets = (
				3DF6FCD71F0F19710037268A /* RCTClearCacheModule */,
			);
		};
/* End PBXProject section */

/* Begin PBXSourcesBuildPhase section */
		3DF6FCD41F0F19710037268A /* Sources */ = {
			isa = PBXSourcesBuildPhase;
			buildActionMask = 2147483647;
			files = (
				3DF6FCDD1F0F19710037268A /* RCTClearCacheModule.m in Sources */,
			);
			runOnlyForDeploymentPostprocessing = 0;
		};
/* End PBXSourcesBuildPhase section */

/* Begin XCBuildConfiguration section */
		3DF6FCDF1F0F19710037268A /* Debug */ = {
			isa = XCBuildConfiguration;
			buildSettings = {
				ALWAYS_SEARCH_USER_PATHS = NO;
				CLANG_ANALYZER_NONNULL = YES;
				CLANG_ANALYZER_NUMBER_OBJECT_CONVERSION = YES_AGGRESSIVE;
				CLANG_CXX_LANGUAGE_STANDARD = "gnu++0x";
				CLANG_CXX_LIBRARY = "libc++";
				CLANG_ENABLE_MODULES = YES;
				CLANG_ENABLE_OBJC_ARC = YES;
				CLANG_WARN_BOOL_CONVERSION = YES;
				CLANG_WARN_CONSTANT_CONVERSION = YES;
				CLANG_WARN_DIRECT_OBJC_ISA_USAGE = YES_ERROR;
				CLANG_WARN_DOCUMENTATION_COMMENTS = YES;
				CLANG_WARN_EMPTY_BODY = YES;
				CLANG_WARN_ENUM_CONVERSION = YES;
				CLANG_WARN_INFINITE_RECURSION = YES;
				CLANG_WARN_INT_CONVERSION = YES;
				CLANG_WARN_OBJC_ROOT_CLASS = YES_ERROR;
				CLANG_WARN_SUSPICIOUS_MOVE = YES;
				CLANG_WARN_UNREACHABLE_CODE = YES;
				CLANG_WARN__DUPLICATE_METHOD_MATCH = YES;
				"CODE_SIGN_IDENTITY[sdk=iphoneos*]" = "iPhone Developer";
				COPY_PHASE_STRIP = NO;
				DEBUG_INFORMATION_FORMAT = dwarf;
				ENABLE_STRICT_OBJC_MSGSEND = YES;
				ENABLE_TESTABILITY = YES;
				GCC_C_LANGUAGE_STANDARD = gnu99;
				GCC_DYNAMIC_NO_PIC = NO;
				GCC_NO_COMMON_BLOCKS = YES;
				GCC_OPTIMIZATION_LEVEL = 0;
				GCC_PREPROCESSOR_DEFINITIONS = (
					"DEBUG=1",
					"$(inherited)",
				);
				GCC_WARN_64_TO_32_BIT_CONVERSION = YES;
				GCC_WARN_ABOUT_RETURN_TYPE = YES_ERROR;
				GCC_WARN_UNDECLARED_SELECTOR = YES;
				GCC_WARN_UNINITIALIZED_AUTOS = YES_AGGRESSIVE;
				GCC_WARN_UNUSED_FUNCTION = YES;
				GCC_WARN_UNUSED_VARIABLE = YES;
				IPHONEOS_DEPLOYMENT_TARGET = 10.3;
				MTL_ENABLE_DEBUG_INFO = YES;
				ONLY_ACTIVE_ARCH = YES;
				SDKROOT = iphoneos;
			};
			name = Debug;
		};
		3DF6FCE01F0F19710037268A /* Release */ = {
			isa = XCBuildConfiguration;
			buildSettings = {
				ALWAYS_SEARCH_USER_PATHS = NO;
				CLANG_ANALYZER_NONNULL = YES;
				CLANG_ANALYZER_NUMBER_OBJECT_CONVERSION = YES_AGGRESSIVE;
				CLANG_CXX_LANGUAGE_STANDARD = "gnu++0x";
				CLANG_CXX_LIBRARY = "libc++";
				CLANG_ENABLE_MODULES = YES;
				CLANG_ENABLE_OBJC_ARC = YES;
				CLANG_WARN_BOOL_CONVERSION = YES;
				CLANG_WARN_CONSTANT_CONVERSION = YES;
				CLANG_WARN_DIRECT_OBJC_ISA_USAGE = YES_ERROR;
				CLANG_WARN_DOCUMENTATION_COMMENTS = YES;
				CLANG_WARN_EMPTY_BODY = YES;
				CLANG_WARN_ENUM_CONVERSION = YES;
				CLANG_WARN_INFINITE_RECURSION = YES;
				CLANG_WARN_INT_CONVERSION = YES;
				CLANG_WARN_OBJC_ROOT_CLASS = YES_ERROR;
				CLANG_WARN_SUSPICIOUS_MOVE = YES;
				CLANG_WARN_UNREACHABLE_CODE = YES;
				CLANG_WARN__DUPLICATE_METHOD_MATCH = YES;
				"CODE_SIGN_IDENTITY[sdk=iphoneos*]" = "iPhone Developer";
				COPY_PHASE_STRIP = NO;
				DEBUG_INFORMATION_FORMAT = "dwarf-with-dsym";
				ENABLE_NS_ASSERTIONS = NO;
				ENABLE_STRICT_OBJC_MSGSEND = YES;
				GCC_C_LANGUAGE_STANDARD = gnu99;
				GCC_NO_COMMON_BLOCKS = YES;
				GCC_WARN_64_TO_32_BIT_CONVERSION = YES;
				GCC_WARN_ABOUT_RETURN_TYPE = YES_ERROR;
				GCC_WARN_UNDECLARED_SELECTOR = YES;
				GCC_WARN_UNINITIALIZED_AUTOS = YES_AGGRESSIVE;
				GCC_WARN_UNUSED_FUNCTION = YES;
				GCC_WARN_UNUSED_VARIABLE = YES;
				IPHONEOS_DEPLOYMENT_TARGET = 10.3;
				MTL_ENABLE_DEBUG_INFO = NO;
				SDKROOT = iphoneos;
				VALIDATE_PRODUCT = YES;
			};
			name = Release;
		};
		3DF6FCE21F0F19710037268A /* Debug */ = {
			isa = XCBuildConfiguration;
			buildSettings = {
				DEVELOPMENT_TEAM = 66ARKR62NK;
				OTHER_LDFLAGS = "-ObjC";
				PRODUCT_NAME = "$(TARGET_NAME)";
				SKIP_INSTALL = YES;
			};
			name = Debug;
		};
		3DF6FCE31F0F19710037268A /* Release */ = {
			isa = XCBuildConfiguration;
			buildSettings = {
				DEVELOPMENT_TEAM = 66ARKR62NK;
				OTHER_LDFLAGS = "-ObjC";
				PRODUCT_NAME = "$(TARGET_NAME)";
				SKIP_INSTALL = YES;
			};
			name = Release;
		};
/* End XCBuildConfiguration section */

/* Begin XCConfigurationList section */
		3DF6FCD31F0F19710037268A /* Build configuration list for PBXProject "RCTClearCacheModule" */ = {
			isa = XCConfigurationList;
			buildConfigurations = (
				3DF6FCDF1F0F19710037268A /* Debug */,
				3DF6FCE01F0F19710037268A /* Release */,
			);
			defaultConfigurationIsVisible = 0;
			defaultConfigurationName = Release;
		};
		3DF6FCE11F0F19710037268A /* Build configuration list for PBXNativeTarget "RCTClearCacheModule" */ = {
			isa = XCConfigurationList;
			buildConfigurations = (
				3DF6FCE21F0F19710037268A /* Debug */,
				3DF6FCE31F0F19710037268A /* Release */,
			);
			defaultConfigurationIsVisible = 0;
		};
/* End XCConfigurationList section */
	};
	rootObject = 3DF6FCD01F0F19710037268A /* Project object */;
}
